
Microsoft Visual Studio Solution File, Format Version 12.00
# Visual Studio Version 16
VisualStudioVersion = 16.0.29509.3
MinimumVisualStudioVersion = 10.0.40219.1
Project("{9A19103F-16F7-4668-BE54-9A1E7A4F7556}") = "SFS_ATX_AutomationTestSuite", "SFS_SmokeTest\SFS_ATX_AutomationTestSuite.csproj", "{80F794F1-CA75-4226-9105-BB224E2D300B}"
EndProject
Global
	GlobalSection(SolutionConfigurationPlatforms) = preSolution
		Debug|Any CPU = Debug|Any CPU
		Refrences|Any CPU = Refrences|Any CPU
		Release|Any CPU = Release|Any CPU
	EndGlobalSection
	GlobalSection(ProjectConfigurationPlatforms) = postSolution
		{80F794F1-CA75-4226-9105-BB224E2D300B}.Debug|Any CPU.ActiveCfg = Debug|Any CPU
		{80F794F1-CA75-4226-9105-BB224E2D300B}.Debug|Any CPU.Build.0 = Debug|Any CPU
		{80F794F1-CA75-4226-9105-BB224E2D300B}.Refrences|Any CPU.ActiveCfg = Debug|Any CPU
		{80F794F1-CA75-4226-9105-BB224E2D300B}.Refrences|Any CPU.Build.0 = Debug|Any CPU
		{80F794F1-CA75-4226-9105-BB224E2D300B}.Release|Any CPU.ActiveCfg = Release|Any CPU
		{80F794F1-CA75-4226-9105-BB224E2D300B}.Release|Any CPU.Build.0 = Release|Any CPU
	EndGlobalSection
	GlobalSection(SolutionProperties) = preSolution
		HideSolutionNode = FALSE
	EndGlobalSection
	GlobalSection(ExtensibilityGlobals) = postSolution
		SolutionGuid = {5F6303E4-4301-4935-9E53-92CB6BD5D5F6}
	EndGlobalSection
EndGlobal
